
Microsoft Visual Studio Solution File, Format Version 12.00
# Visual Studio Version 16
VisualStudioVersion = 16.0.29806.167
MinimumVisualStudioVersion = 10.0.40219.1
Project("{9A19103F-16F7-4668-BE54-9A1E7A4F7556}") = "W2L20", "W2L20\W2L20.csproj", "{5568D916-BE9F-461A-AE1A-813505786ECE}"
	ProjectSection(ProjectDependencies) = postProject
		{87A2ECD4-2560-4E10-8CD4-308264CF6332} = {87A2ECD4-2560-4E10-8CD4-308264CF6332}
	EndProjectSection
EndProject
Project("{9A19103F-16F7-4668-BE54-9A1E7A4F7556}") = "OrderManagement.App", "OrderManagement.App\OrderManagement.App.csproj", "{570A80E4-D98D-46CB-AE99-790E2EC91403}"
EndProject
Project("{9A19103F-16F7-4668-BE54-9A1E7A4F7556}") = "OrderManagement.Domain", "OrderManagement.Domain\OrderManagement.Domain.csproj", "{A2CCB8F4-0FAB-4421-8C68-614172DF7746}"
EndProject
Project("{FAE04EC0-301F-11D3-BF4B-00C04F79EFBC}") = "OrderManagement.Tests", "OrderManagement.Tests\OrderManagement.Tests.csproj", "{87A2ECD4-2560-4E10-8CD4-308264CF6332}"
EndProject
Global
	GlobalSection(SolutionConfigurationPlatforms) = preSolution
		Debug|Any CPU = Debug|Any CPU
		Release|Any CPU = Release|Any CPU
	EndGlobalSection
	GlobalSection(ProjectConfigurationPlatforms) = postSolution
		{5568D916-BE9F-461A-AE1A-813505786ECE}.Debug|Any CPU.ActiveCfg = Debug|Any CPU
		{5568D916-BE9F-461A-AE1A-813505786ECE}.Debug|Any CPU.Build.0 = Debug|Any CPU
		{5568D916-BE9F-461A-AE1A-813505786ECE}.Release|Any CPU.ActiveCfg = Release|Any CPU
		{5568D916-BE9F-461A-AE1A-813505786ECE}.Release|Any CPU.Build.0 = Release|Any CPU
		{570A80E4-D98D-46CB-AE99-790E2EC91403}.Debug|Any CPU.ActiveCfg = Debug|Any CPU
		{570A80E4-D98D-46CB-AE99-790E2EC91403}.Debug|Any CPU.Build.0 = Debug|Any CPU
		{570A80E4-D98D-46CB-AE99-790E2EC91403}.Release|Any CPU.ActiveCfg = Release|Any CPU
		{570A80E4-D98D-46CB-AE99-790E2EC91403}.Release|Any CPU.Build.0 = Release|Any CPU
		{A2CCB8F4-0FAB-4421-8C68-614172DF7746}.Debug|Any CPU.ActiveCfg = Debug|Any CPU
		{A2CCB8F4-0FAB-4421-8C68-614172DF7746}.Debug|Any CPU.Build.0 = Debug|Any CPU
		{A2CCB8F4-0FAB-4421-8C68-614172DF7746}.Release|Any CPU.ActiveCfg = Release|Any CPU
		{A2CCB8F4-0FAB-4421-8C68-614172DF7746}.Release|Any CPU.Build.0 = Release|Any CPU
		{87A2ECD4-2560-4E10-8CD4-308264CF6332}.Debug|Any CPU.ActiveCfg = Debug|Any CPU
		{87A2ECD4-2560-4E10-8CD4-308264CF6332}.Debug|Any CPU.Build.0 = Debug|Any CPU
		{87A2ECD4-2560-4E10-8CD4-308264CF6332}.Release|Any CPU.ActiveCfg = Release|Any CPU
		{87A2ECD4-2560-4E10-8CD4-308264CF6332}.Release|Any CPU.Build.0 = Release|Any CPU
	EndGlobalSection
	GlobalSection(SolutionProperties) = preSolution
		HideSolutionNode = FALSE
	EndGlobalSection
	GlobalSection(ExtensibilityGlobals) = postSolution
		SolutionGuid = {DFB6E755-4380-4BDE-B7F2-B81D421751BC}
	EndGlobalSection
EndGlobal
